
Microsoft Visual Studio Solution File, Format Version 12.00
# Visual Studio Version 17
VisualStudioVersion = 17.0.31903.59
MinimumVisualStudioVersion = 10.0.40219.1
Project("{2150E333-8FDC-42A3-9474-1A3956D46DE8}") = "src", "src", "{A4568B17-81D8-42C3-9798-32984C3C75B1}"
EndProject
Project("{FAE04EC0-301F-11D3-BF4B-00C04F79EFBC}") = "BrokenByDesign.Api", "src\BrokenByDesign.Api\BrokenByDesign.Api.csproj", "{428E7F40-AEB0-4735-BD82-2FF8D8FACDE6}"
EndProject
Global
	GlobalSection(SolutionConfigurationPlatforms) = preSolution
		Debug|Any CPU = Debug|Any CPU
		Release|Any CPU = Release|Any CPU
	EndGlobalSection
	GlobalSection(SolutionProperties) = preSolution
		HideSolutionNode = FALSE
	EndGlobalSection
	GlobalSection(ProjectConfigurationPlatforms) = postSolution
		{428E7F40-AEB0-4735-BD82-2FF8D8FACDE6}.Debug|Any CPU.ActiveCfg = Debug|Any CPU
		{428E7F40-AEB0-4735-BD82-2FF8D8FACDE6}.Debug|Any CPU.Build.0 = Debug|Any CPU
		{428E7F40-AEB0-4735-BD82-2FF8D8FACDE6}.Release|Any CPU.ActiveCfg = Release|Any CPU
		{428E7F40-AEB0-4735-BD82-2FF8D8FACDE6}.Release|Any CPU.Build.0 = Release|Any CPU
	EndGlobalSection
	GlobalSection(NestedProjects) = preSolution
		{428E7F40-AEB0-4735-BD82-2FF8D8FACDE6} = {A4568B17-81D8-42C3-9798-32984C3C75B1}
	EndGlobalSection
EndGlobal
